// !$*UTF8*$!
{
	archiveVersion = 1;
	classes = {
	};
	objectVersion = 46;
	objects = {

/* Begin PBXGroup section */
		4013DAAD169CDF2A00F54503 = {
			isa = PBXGroup;
			children = (
			);
			sourceTree = "<group>";
		};
/* End PBXGroup section */

/* Begin PBXProject section */
		4013DAAF169CDF2A00F54503 /* Project object */ = {
			isa = PBXProject;
			attributes = {
				LastUpgradeCheck = 0450;
			};
			buildConfigurationList = 4013DAB2169CDF2A00F54503 /* Build configuration list for PBXProject "BeagleBone" */;
			compatibilityVersion = "Xcode 3.2";
			developmentRegion = English;
			hasScannedForEncodings = 0;
			knownRegions = (
				en,
			);
			mainGroup = 4013DAAD169CDF2A00F54503;
			projectDirPath = "";
			projectRoot = "";
			targets = (
			);
		};
/* End PBXProject section */

/* Begin XCBuildConfiguration section */
		4013DAB4169CDF2A00F54503 /* Debug */ = {
			isa = XCBuildConfiguration;
			buildSettings = {
			};
			name = Debug;
		};
		4013DAB5169CDF2A00F54503 /* Release */ = {
			isa = XCBuildConfiguration;
			buildSettings = {
			};
			name = Release;
		};
/* End XCBuildConfiguration section */

/* Begin XCConfigurationList section */
		4013DAB2169CDF2A00F54503 /* Build configuration list for PBXProject "BeagleBone" */ = {
			isa = XCConfigurationList;
			buildConfigurations = (
				4013DAB4169CDF2A00F54503 /* Debug */,
				4013DAB5169CDF2A00F54503 /* Release */,
			);
			defaultConfigurationIsVisible = 0;
			defaultConfigurationName = Release;
		};
/* End XCConfigurationList section */
	};
	rootObject = 4013DAAF169CDF2A00F54503 /* Project object */;
}
